<?xml version="1.0" encoding="utf-8"?>
<Project ToolsVersion="4.0" xmlns="http://schemas.microsoft.com/developer/msbuild/2003">
  <ItemGroup>
    <Filter Include="Renderer">
      <UniqueIdentifier>{7CCE658F-689B-C09A-91B4-AE427DE0F528}</UniqueIdentifier>
    </Filter>
  </ItemGroup>
  <ItemGroup>
    <ClInclude Include="src\Application.h" />
    <ClInclude Include="src\Camera.h" />
    <ClInclude Include="src\GameObject.h" />
    <ClInclude Include="src\Log.h" />
    <ClInclude Include="src\Renderer\Buffer.h">
      <Filter>Renderer</Filter>
    </ClInclude>
    <ClInclude Include="src\Renderer\Device.h">
      <Filter>Renderer</Filter>
    </ClInclude>
    <ClInclude Include="src\Renderer\FrameInfo.h">
      <Filter>Renderer</Filter>
    </ClInclude>
    <ClInclude Include="src\Renderer\Model.h">
      <Filter>Renderer</Filter>
    </ClInclude>
    <ClInclude Include="src\Renderer\Pipeline.h">
      <Filter>Renderer</Filter>
    </ClInclude>
    <ClInclude Include="src\Renderer\Renderer.h">
      <Filter>Renderer</Filter>
    </ClInclude>
    <ClInclude Include="src\Renderer\SimpleRendererSystem.h">
      <Filter>Renderer</Filter>
    </ClInclude>
    <ClInclude Include="src\Renderer\SwapChain.h">
      <Filter>Renderer</Filter>
    </ClInclude>
    <ClInclude Include="src\ShortcutController.h" />
    <ClInclude Include="src\Utils.h" />
    <ClInclude Include="src\Window.h" />
    <ClInclude Include="src\Renderer\Descriptors.h" />
  </ItemGroup>
  <ItemGroup>
    <ClCompile Include="src\Application.cpp" />
    <ClCompile Include="src\Camera.cpp" />
    <ClCompile Include="src\GameObject.cpp" />
    <ClCompile Include="src\Log.cpp" />
    <ClCompile Include="src\Renderer\Buffer.cpp">
      <Filter>Renderer</Filter>
    </ClCompile>
    <ClCompile Include="src\Renderer\Device.cpp">
      <Filter>Renderer</Filter>
    </ClCompile>
    <ClCompile Include="src\Renderer\Model.cpp">
      <Filter>Renderer</Filter>
    </ClCompile>
    <ClCompile Include="src\Renderer\Pipeline.cpp">
      <Filter>Renderer</Filter>
    </ClCompile>
    <ClCompile Include="src\Renderer\Renderer.cpp">
      <Filter>Renderer</Filter>
    </ClCompile>
    <ClCompile Include="src\Renderer\SimpleRendererSystem.cpp">
      <Filter>Renderer</Filter>
    </ClCompile>
    <ClCompile Include="src\Renderer\SwapChain.cpp">
      <Filter>Renderer</Filter>
    </ClCompile>
    <ClCompile Include="src\ShortcutController.cpp" />
    <ClCompile Include="src\Window.cpp" />
    <ClCompile Include="src\main.cpp" />
    <ClCompile Include="src\Renderer\Descriptors.cpp" />
  </ItemGroup>
</Project>